# This file is automatically @generated by Cargo.
# It is not intended for manual editing.
version = 4

[[package]]
name = "fields-glob"
version = "0.1.2"
dependencies = [
 "proc-macro-tool",
]

[[package]]
name = "proc-macro-tool"
version = "0.8.26"
source = "registry+https://github.com/rust-lang/crates.io-index"
checksum = "fc61572fd30be50d61a96b9844e6f50432bc00a78e75e54790737fff16770937"
